{
  "name": "learn_blockchain",
  "lockfileVersion": 3,
  "requires": true,
  "packages": {
    "": {
      "dependencies": {
        "@openzeppelin/contracts": "^4.8.0"
      }
    },
    "node_modules/@openzeppelin/contracts": {
      "version": "4.8.0",
      "resolved": "https://registry.npmjs.org/@openzeppelin/contracts/-/contracts-4.8.0.tgz",
      "integrity": "sha512-AGuwhRRL+NaKx73WKRNzeCxOCOCxpaqF+kp8TJ89QzAipSwZy/NoflkWaL9bywXFRhIzXt8j38sfF7KBKCPWLw=="
    }
  }
}
